{
    "_meta": {
        "hash": {
            "sha256": "903a2c62e46c800eb9b76d2e9f21d21a6a94a2b19ff6e805c88983423a372eed"
        },
        "pipfile-spec": 6,
        "requires": {
            "python_version": "3.10"
        },
        "sources": [
            {
                "name": "pypi",
                "url": "https://pypi.org/simple",
                "verify_ssl": true
            }
        ]
    },
    "default": {
        "termcolor": {
            "hashes": [
                "sha256:348871ca648ec6a9a983a13ab626c0acce02f515b9e1983332b17af7979521c5",
                "sha256:cf642efadaf0a8ebbbf4bc7a31cec2f9b5f21a9f726f4ccbb08192c9c26f43a5"
            ],
            "index": "pypi",
            "markers": "python_version >= '3.10'",
            "version": "==3.3.0"
        }
    },
    "develop": {}
}
